<Solution>
  <Folder Name="/Solution Items/">
    <File Path=".gitignore" />
    <File Path="README.md" />
  </Folder>
  <Project Path="CinemaReservation.API/CinemaReservation.API.csproj" />
  <Project Path="CinemaReservation.Core/CinemaReservation.Core.csproj" />
  <Project Path="CinemaReservation.Infrastructure/CinemaReservation.Infrastructure.csproj" />
</Solution>
